// !$*UTF8*$!
{
	archiveVersion = 1;
	classes = {
	};
	objectVersion = 52;
	objects = {

/* Begin PBXBuildFile section */
		EFF136EB258E51B300902415 /* AppDelegate.swift in Sources */ = {isa = PBXBuildFile; fileRef = EFF136EA258E51B300902415 /* AppDelegate.swift */; };
		EFF136F2258E51B300902415 /* Main.storyboard in Resources */ = {isa = PBXBuildFile; fileRef = EFF136F0258E51B300902415 /* Main.storyboard */; };
		EFF136F4258E51B600902415 /* Assets.xcassets in Resources */ = {isa = PBXBuildFile; fileRef = EFF136F3258E51B600902415 /* Assets.xcassets */; };
		EFF136F7258E51B600902415 /* LaunchScreen.storyboard in Resources */ = {isa = PBXBuildFile; fileRef = EFF136F5258E51B600902415 /* LaunchScreen.storyboard */; };
		EFF13707258E520A00902415 /* SearchResultsModel.swift in Sources */ = {isa = PBXBuildFile; fileRef = EFF13706258E520A00902415 /* SearchResultsModel.swift */; };
		EFF1370E258E554000902415 /* Alamofire in Frameworks */ = {isa = PBXBuildFile; productRef = EFF1370D258E554000902415 /* Alamofire */; };
		EFF13712258E560800902415 /* Kingfisher in Frameworks */ = {isa = PBXBuildFile; productRef = EFF13711258E560800902415 /* Kingfisher */; };
		EFF13716258E569100902415 /* SearchVM.swift in Sources */ = {isa = PBXBuildFile; fileRef = EFF13714258E569100902415 /* SearchVM.swift */; };
		EFF13717258E569100902415 /* MostRecentVM.swift in Sources */ = {isa = PBXBuildFile; fileRef = EFF13715258E569100902415 /* MostRecentVM.swift */; };
		EFF1371B258E56AD00902415 /* NibLoadableView.swift in Sources */ = {isa = PBXBuildFile; fileRef = EFF13719258E56AD00902415 /* NibLoadableView.swift */; };
		EFF1371C258E56AD00902415 /* ReusableView.swift in Sources */ = {isa = PBXBuildFile; fileRef = EFF1371A258E56AD00902415 /* ReusableView.swift */; };
		EFF13720258E56B900902415 /* MostRecentVC.swift in Sources */ = {isa = PBXBuildFile; fileRef = EFF1371E258E56B900902415 /* MostRecentVC.swift */; };
		EFF13721258E56B900902415 /* SearchVC.swift in Sources */ = {isa = PBXBuildFile; fileRef = EFF1371F258E56B900902415 /* SearchVC.swift */; };
		EFF13729258E56F700902415 /* APIConstants.swift in Sources */ = {isa = PBXBuildFile; fileRef = EFF13728258E56F700902415 /* APIConstants.swift */; };
		EFF1372D258E570700902415 /* UICollectionView+EX.swift in Sources */ = {isa = PBXBuildFile; fileRef = EFF1372B258E570700902415 /* UICollectionView+EX.swift */; };
		EFF1372E258E570700902415 /* UIViewController+EX.swift in Sources */ = {isa = PBXBuildFile; fileRef = EFF1372C258E570700902415 /* UIViewController+EX.swift */; };
		EFF13731258E571300902415 /* Parceable.swift in Sources */ = {isa = PBXBuildFile; fileRef = EFF13730258E571300902415 /* Parceable.swift */; };
		EFF13739258E573B00902415 /* ReachabilityError.swift in Sources */ = {isa = PBXBuildFile; fileRef = EFF13737258E573B00902415 /* ReachabilityError.swift */; };
		EFF1373A258E573B00902415 /* Reachability.swift in Sources */ = {isa = PBXBuildFile; fileRef = EFF13738258E573B00902415 /* Reachability.swift */; };
		EFF1373E258E575300902415 /* Result.swift in Sources */ = {isa = PBXBuildFile; fileRef = EFF1373C258E575300902415 /* Result.swift */; };
		EFF1373F258E575300902415 /* ErrorResult.swift in Sources */ = {isa = PBXBuildFile; fileRef = EFF1373D258E575300902415 /* ErrorResult.swift */; };
/* End PBXBuildFile section */

/* Begin PBXFileReference section */
		EFF136E7258E51B300902415 /* Sample-flicker-MVVM.app */ = {isa = PBXFileReference; explicitFileType = wrapper.application; includeInIndex = 0; path = "Sample-flicker-MVVM.app"; sourceTree = BUILT_PRODUCTS_DIR; };
		EFF136EA258E51B300902415 /* AppDelegate.swift */ = {isa = PBXFileReference; lastKnownFileType = sourcecode.swift; path = AppDelegate.swift; sourceTree = "<group>"; };
		EFF136F1258E51B300902415 /* Base */ = {isa = PBXFileReference; lastKnownFileType = file.storyboard; name = Base; path = Base.lproj/Main.storyboard; sourceTree = "<group>"; };
		EFF136F3258E51B600902415 /* Assets.xcassets */ = {isa = PBXFileReference; lastKnownFileType = folder.assetcatalog; path = Assets.xcassets; sourceTree = "<group>"; };
		EFF136F6258E51B600902415 /* Base */ = {isa = PBXFileReference; lastKnownFileType = file.storyboard; name = Base; path = Base.lproj/LaunchScreen.storyboard; sourceTree = "<group>"; };
		EFF136F8258E51B600902415 /* Info.plist */ = {isa = PBXFileReference; lastKnownFileType = text.plist.xml; path = Info.plist; sourceTree = "<group>"; };
		EFF13706258E520A00902415 /* SearchResultsModel.swift */ = {isa = PBXFileReference; fileEncoding = 4; lastKnownFileType = sourcecode.swift; path = SearchResultsModel.swift; sourceTree = "<group>"; };
		EFF13714258E569100902415 /* SearchVM.swift */ = {isa = PBXFileReference; fileEncoding = 4; lastKnownFileType = sourcecode.swift; path = SearchVM.swift; sourceTree = "<group>"; };
		EFF13715258E569100902415 /* MostRecentVM.swift */ = {isa = PBXFileReference; fileEncoding = 4; lastKnownFileType = sourcecode.swift; path = MostRecentVM.swift; sourceTree = "<group>"; };
		EFF13719258E56AD00902415 /* NibLoadableView.swift */ = {isa = PBXFileReference; fileEncoding = 4; lastKnownFileType = sourcecode.swift; path = NibLoadableView.swift; sourceTree = "<group>"; };
		EFF1371A258E56AD00902415 /* ReusableView.swift */ = {isa = PBXFileReference; fileEncoding = 4; lastKnownFileType = sourcecode.swift; path = ReusableView.swift; sourceTree = "<group>"; };
		EFF1371E258E56B900902415 /* MostRecentVC.swift */ = {isa = PBXFileReference; fileEncoding = 4; lastKnownFileType = sourcecode.swift; path = MostRecentVC.swift; sourceTree = "<group>"; };
		EFF1371F258E56B900902415 /* SearchVC.swift */ = {isa = PBXFileReference; fileEncoding = 4; lastKnownFileType = sourcecode.swift; path = SearchVC.swift; sourceTree = "<group>"; };
		EFF13728258E56F700902415 /* APIConstants.swift */ = {isa = PBXFileReference; fileEncoding = 4; lastKnownFileType = sourcecode.swift; path = APIConstants.swift; sourceTree = "<group>"; };
		EFF1372B258E570700902415 /* UICollectionView+EX.swift */ = {isa = PBXFileReference; fileEncoding = 4; lastKnownFileType = sourcecode.swift; path = "UICollectionView+EX.swift"; sourceTree = "<group>"; };
		EFF1372C258E570700902415 /* UIViewController+EX.swift */ = {isa = PBXFileReference; fileEncoding = 4; lastKnownFileType = sourcecode.swift; path = "UIViewController+EX.swift"; sourceTree = "<group>"; };
		EFF13730258E571300902415 /* Parceable.swift */ = {isa = PBXFileReference; fileEncoding = 4; lastKnownFileType = sourcecode.swift; path = Parceable.swift; sourceTree = "<group>"; };
		EFF13737258E573B00902415 /* ReachabilityError.swift */ = {isa = PBXFileReference; fileEncoding = 4; lastKnownFileType = sourcecode.swift; path = ReachabilityError.swift; sourceTree = "<group>"; };
		EFF13738258E573B00902415 /* Reachability.swift */ = {isa = PBXFileReference; fileEncoding = 4; lastKnownFileType = sourcecode.swift; path = Reachability.swift; sourceTree = "<group>"; };
		EFF1373C258E575300902415 /* Result.swift */ = {isa = PBXFileReference; fileEncoding = 4; lastKnownFileType = sourcecode.swift; path = Result.swift; sourceTree = "<group>"; };
		EFF1373D258E575300902415 /* ErrorResult.swift */ = {isa = PBXFileReference; fileEncoding = 4; lastKnownFileType = sourcecode.swift; path = ErrorResult.swift; sourceTree = "<group>"; };
/* End PBXFileReference section */

/* Begin PBXFrameworksBuildPhase section */
		EFF136E4258E51B300902415 /* Frameworks */ = {
			isa = PBXFrameworksBuildPhase;
			buildActionMask = 2147483647;
			files = (
				EFF13712258E560800902415 /* Kingfisher in Frameworks */,
				EFF1370E258E554000902415 /* Alamofire in Frameworks */,
			);
			runOnlyForDeploymentPostprocessing = 0;
		};
/* End PBXFrameworksBuildPhase section */

/* Begin PBXGroup section */
		EFF136DE258E51B300902415 = {
			isa = PBXGroup;
			children = (
				EFF136E9258E51B300902415 /* Sample-flicker-MVVM */,
				EFF136E8258E51B300902415 /* Products */,
			);
			sourceTree = "<group>";
		};
		EFF136E8258E51B300902415 /* Products */ = {
			isa = PBXGroup;
			children = (
				EFF136E7258E51B300902415 /* Sample-flicker-MVVM.app */,
			);
			name = Products;
			sourceTree = "<group>";
		};
		EFF136E9258E51B300902415 /* Sample-flicker-MVVM */ = {
			isa = PBXGroup;
			children = (
				EFF13705258E51E600902415 /* Model */,
				EFF13704258E51E100902415 /* Resource */,
				EFF13703258E51D600902415 /* Service */,
				EFF13702258E51D100902415 /* View */,
				EFF13701258E51CA00902415 /* ViewController */,
				EFF136FF258E51C200902415 /* ViewModel */,
				EFF136EA258E51B300902415 /* AppDelegate.swift */,
			);
			path = "Sample-flicker-MVVM";
			sourceTree = "<group>";
		};
		EFF136FF258E51C200902415 /* ViewModel */ = {
			isa = PBXGroup;
			children = (
				EFF13715258E569100902415 /* MostRecentVM.swift */,
				EFF13714258E569100902415 /* SearchVM.swift */,
			);
			path = ViewModel;
			sourceTree = "<group>";
		};
		EFF13701258E51CA00902415 /* ViewController */ = {
			isa = PBXGroup;
			children = (
				EFF1371E258E56B900902415 /* MostRecentVC.swift */,
				EFF1371F258E56B900902415 /* SearchVC.swift */,
			);
			path = ViewController;
			sourceTree = "<group>";
		};
		EFF13702258E51D100902415 /* View */ = {
			isa = PBXGroup;
			children = (
				EFF13719258E56AD00902415 /* NibLoadableView.swift */,
				EFF1371A258E56AD00902415 /* ReusableView.swift */,
			);
			path = View;
			sourceTree = "<group>";
		};
		EFF13703258E51D600902415 /* Service */ = {
			isa = PBXGroup;
			children = (
				EFF13727258E56E300902415 /* APIConstants */,
				EFF13726258E56DB00902415 /* Extension */,
				EFF13725258E56D200902415 /* Parser */,
				EFF13724258E56CB00902415 /* Reachability */,
				EFF13723258E56C400902415 /* Result */,
			);
			path = Service;
			sourceTree = "<group>";
		};
		EFF13704258E51E100902415 /* Resource */ = {
			isa = PBXGroup;
			children = (
				EFF136F0258E51B300902415 /* Main.storyboard */,
				EFF136F3258E51B600902415 /* Assets.xcassets */,
				EFF136F5258E51B600902415 /* LaunchScreen.storyboard */,
				EFF136F8258E51B600902415 /* Info.plist */,
			);
			path = Resource;
			sourceTree = "<group>";
		};
		EFF13705258E51E600902415 /* Model */ = {
			isa = PBXGroup;
			children = (
				EFF13706258E520A00902415 /* SearchResultsModel.swift */,
			);
			path = Model;
			sourceTree = "<group>";
		};
		EFF13723258E56C400902415 /* Result */ = {
			isa = PBXGroup;
			children = (
				EFF1373D258E575300902415 /* ErrorResult.swift */,
				EFF1373C258E575300902415 /* Result.swift */,
			);
			path = Result;
			sourceTree = "<group>";
		};
		EFF13724258E56CB00902415 /* Reachability */ = {
			isa = PBXGroup;
			children = (
				EFF13738258E573B00902415 /* Reachability.swift */,
				EFF13737258E573B00902415 /* ReachabilityError.swift */,
			);
			path = Reachability;
			sourceTree = "<group>";
		};
		EFF13725258E56D200902415 /* Parser */ = {
			isa = PBXGroup;
			children = (
				EFF13730258E571300902415 /* Parceable.swift */,
			);
			path = Parser;
			sourceTree = "<group>";
		};
		EFF13726258E56DB00902415 /* Extension */ = {
			isa = PBXGroup;
			children = (
				EFF1372B258E570700902415 /* UICollectionView+EX.swift */,
				EFF1372C258E570700902415 /* UIViewController+EX.swift */,
			);
			path = Extension;
			sourceTree = "<group>";
		};
		EFF13727258E56E300902415 /* APIConstants */ = {
			isa = PBXGroup;
			children = (
				EFF13728258E56F700902415 /* APIConstants.swift */,
			);
			path = APIConstants;
			sourceTree = "<group>";
		};
/* End PBXGroup section */

/* Begin PBXNativeTarget section */
		EFF136E6258E51B300902415 /* Sample-flicker-MVVM */ = {
			isa = PBXNativeTarget;
			buildConfigurationList = EFF136FB258E51B600902415 /* Build configuration list for PBXNativeTarget "Sample-flicker-MVVM" */;
			buildPhases = (
				EFF136E3258E51B300902415 /* Sources */,
				EFF136E4258E51B300902415 /* Frameworks */,
				EFF136E5258E51B300902415 /* Resources */,
			);
			buildRules = (
			);
			dependencies = (
			);
			name = "Sample-flicker-MVVM";
			packageProductDependencies = (
				EFF1370D258E554000902415 /* Alamofire */,
				EFF13711258E560800902415 /* Kingfisher */,
			);
			productName = "Sample-flicker-MVVM";
			productReference = EFF136E7258E51B300902415 /* Sample-flicker-MVVM.app */;
			productType = "com.apple.product-type.application";
		};
/* End PBXNativeTarget section */

/* Begin PBXProject section */
		EFF136DF258E51B300902415 /* Project object */ = {
			isa = PBXProject;
			attributes = {
				LastSwiftUpdateCheck = 1220;
				LastUpgradeCheck = 1220;
				TargetAttributes = {
					EFF136E6258E51B300902415 = {
						CreatedOnToolsVersion = 12.2;
					};
				};
			};
			buildConfigurationList = EFF136E2258E51B300902415 /* Build configuration list for PBXProject "Sample-flicker-MVVM" */;
			compatibilityVersion = "Xcode 9.3";
			developmentRegion = en;
			hasScannedForEncodings = 0;
			knownRegions = (
				en,
				Base,
			);
			mainGroup = EFF136DE258E51B300902415;
			packageReferences = (
				EFF1370C258E554000902415 /* XCRemoteSwiftPackageReference "Alamofire" */,
				EFF13710258E560800902415 /* XCRemoteSwiftPackageReference "Kingfisher" */,
			);
			productRefGroup = EFF136E8258E51B300902415 /* Products */;
			projectDirPath = "";
			projectRoot = "";
			targets = (
				EFF136E6258E51B300902415 /* Sample-flicker-MVVM */,
			);
		};
/* End PBXProject section */

/* Begin PBXResourcesBuildPhase section */
		EFF136E5258E51B300902415 /* Resources */ = {
			isa = PBXResourcesBuildPhase;
			buildActionMask = 2147483647;
			files = (
				EFF136F7258E51B600902415 /* LaunchScreen.storyboard in Resources */,
				EFF136F4258E51B600902415 /* Assets.xcassets in Resources */,
				EFF136F2258E51B300902415 /* Main.storyboard in Resources */,
			);
			runOnlyForDeploymentPostprocessing = 0;
		};
/* End PBXResourcesBuildPhase section */

/* Begin PBXSourcesBuildPhase section */
		EFF136E3258E51B300902415 /* Sources */ = {
			isa = PBXSourcesBuildPhase;
			buildActionMask = 2147483647;
			files = (
				EFF1373A258E573B00902415 /* Reachability.swift in Sources */,
				EFF13721258E56B900902415 /* SearchVC.swift in Sources */,
				EFF13717258E569100902415 /* MostRecentVM.swift in Sources */,
				EFF1371B258E56AD00902415 /* NibLoadableView.swift in Sources */,
				EFF13716258E569100902415 /* SearchVM.swift in Sources */,
				EFF1373F258E575300902415 /* ErrorResult.swift in Sources */,
				EFF13720258E56B900902415 /* MostRecentVC.swift in Sources */,
				EFF1373E258E575300902415 /* Result.swift in Sources */,
				EFF13729258E56F700902415 /* APIConstants.swift in Sources */,
				EFF1371C258E56AD00902415 /* ReusableView.swift in Sources */,
				EFF1372D258E570700902415 /* UICollectionView+EX.swift in Sources */,
				EFF13739258E573B00902415 /* ReachabilityError.swift in Sources */,
				EFF13707258E520A00902415 /* SearchResultsModel.swift in Sources */,
				EFF13731258E571300902415 /* Parceable.swift in Sources */,
				EFF136EB258E51B300902415 /* AppDelegate.swift in Sources */,
				EFF1372E258E570700902415 /* UIViewController+EX.swift in Sources */,
			);
			runOnlyForDeploymentPostprocessing = 0;
		};
/* End PBXSourcesBuildPhase section */

/* Begin PBXVariantGroup section */
		EFF136F0258E51B300902415 /* Main.storyboard */ = {
			isa = PBXVariantGroup;
			children = (
				EFF136F1258E51B300902415 /* Base */,
			);
			name = Main.storyboard;
			sourceTree = "<group>";
		};
		EFF136F5258E51B600902415 /* LaunchScreen.storyboard */ = {
			isa = PBXVariantGroup;
			children = (
				EFF136F6258E51B600902415 /* Base */,
			);
			name = LaunchScreen.storyboard;
			sourceTree = "<group>";
		};
/* End PBXVariantGroup section */

/* Begin XCBuildConfiguration section */
		EFF136F9258E51B600902415 /* Debug */ = {
			isa = XCBuildConfiguration;
			buildSettings = {
				ALWAYS_SEARCH_USER_PATHS = NO;
				CLANG_ANALYZER_NONNULL = YES;
				CLANG_ANALYZER_NUMBER_OBJECT_CONVERSION = YES_AGGRESSIVE;
				CLANG_CXX_LANGUAGE_STANDARD = "gnu++14";
				CLANG_CXX_LIBRARY = "libc++";
				CLANG_ENABLE_MODULES = YES;
				CLANG_ENABLE_OBJC_ARC = YES;
				CLANG_ENABLE_OBJC_WEAK = YES;
				CLANG_WARN_BLOCK_CAPTURE_AUTORELEASING = YES;
				CLANG_WARN_BOOL_CONVERSION = YES;
				CLANG_WARN_COMMA = YES;
				CLANG_WARN_CONSTANT_CONVERSION = YES;
				CLANG_WARN_DEPRECATED_OBJC_IMPLEMENTATIONS = YES;
				CLANG_WARN_DIRECT_OBJC_ISA_USAGE = YES_ERROR;
				CLANG_WARN_DOCUMENTATION_COMMENTS = YES;
				CLANG_WARN_EMPTY_BODY = YES;
				CLANG_WARN_ENUM_CONVERSION = YES;
				CLANG_WARN_INFINITE_RECURSION = YES;
				CLANG_WARN_INT_CONVERSION = YES;
				CLANG_WARN_NON_LITERAL_NULL_CONVERSION = YES;
				CLANG_WARN_OBJC_IMPLICIT_RETAIN_SELF = YES;
				CLANG_WARN_OBJC_LITERAL_CONVERSION = YES;
				CLANG_WARN_OBJC_ROOT_CLASS = YES_ERROR;
				CLANG_WARN_QUOTED_INCLUDE_IN_FRAMEWORK_HEADER = YES;
				CLANG_WARN_RANGE_LOOP_ANALYSIS = YES;
				CLANG_WARN_STRICT_PROTOTYPES = YES;
				CLANG_WARN_SUSPICIOUS_MOVE = YES;
				CLANG_WARN_UNGUARDED_AVAILABILITY = YES_AGGRESSIVE;
				CLANG_WARN_UNREACHABLE_CODE = YES;
				CLANG_WARN__DUPLICATE_METHOD_MATCH = YES;
				COPY_PHASE_STRIP = NO;
				DEBUG_INFORMATION_FORMAT = dwarf;
				ENABLE_STRICT_OBJC_MSGSEND = YES;
				ENABLE_TESTABILITY = YES;
				GCC_C_LANGUAGE_STANDARD = gnu11;
				GCC_DYNAMIC_NO_PIC = NO;
				GCC_NO_COMMON_BLOCKS = YES;
				GCC_OPTIMIZATION_LEVEL = 0;
				GCC_PREPROCESSOR_DEFINITIONS = (
					"DEBUG=1",
					"$(inherited)",
				);
				GCC_WARN_64_TO_32_BIT_CONVERSION = YES;
				GCC_WARN_ABOUT_RETURN_TYPE = YES_ERROR;
				GCC_WARN_UNDECLARED_SELECTOR = YES;
				GCC_WARN_UNINITIALIZED_AUTOS = YES_AGGRESSIVE;
				GCC_WARN_UNUSED_FUNCTION = YES;
				GCC_WARN_UNUSED_VARIABLE = YES;
				IPHONEOS_DEPLOYMENT_TARGET = 14.2;
				MTL_ENABLE_DEBUG_INFO = INCLUDE_SOURCE;
				MTL_FAST_MATH = YES;
				ONLY_ACTIVE_ARCH = YES;
				SDKROOT = iphoneos;
				SWIFT_ACTIVE_COMPILATION_CONDITIONS = DEBUG;
				SWIFT_OPTIMIZATION_LEVEL = "-Onone";
			};
			name = Debug;
		};
		EFF136FA258E51B600902415 /* Release */ = {
			isa = XCBuildConfiguration;
			buildSettings = {
				ALWAYS_SEARCH_USER_PATHS = NO;
				CLANG_ANALYZER_NONNULL = YES;
				CLANG_ANALYZER_NUMBER_OBJECT_CONVERSION = YES_AGGRESSIVE;
				CLANG_CXX_LANGUAGE_STANDARD = "gnu++14";
				CLANG_CXX_LIBRARY = "libc++";
				CLANG_ENABLE_MODULES = YES;
				CLANG_ENABLE_OBJC_ARC = YES;
				CLANG_ENABLE_OBJC_WEAK = YES;
				CLANG_WARN_BLOCK_CAPTURE_AUTORELEASING = YES;
				CLANG_WARN_BOOL_CONVERSION = YES;
				CLANG_WARN_COMMA = YES;
				CLANG_WARN_CONSTANT_CONVERSION = YES;
				CLANG_WARN_DEPRECATED_OBJC_IMPLEMENTATIONS = YES;
				CLANG_WARN_DIRECT_OBJC_ISA_USAGE = YES_ERROR;
				CLANG_WARN_DOCUMENTATION_COMMENTS = YES;
				CLANG_WARN_EMPTY_BODY = YES;
				CLANG_WARN_ENUM_CONVERSION = YES;
				CLANG_WARN_INFINITE_RECURSION = YES;
				CLANG_WARN_INT_CONVERSION = YES;
				CLANG_WARN_NON_LITERAL_NULL_CONVERSION = YES;
				CLANG_WARN_OBJC_IMPLICIT_RETAIN_SELF = YES;
				CLANG_WARN_OBJC_LITERAL_CONVERSION = YES;
				CLANG_WARN_OBJC_ROOT_CLASS = YES_ERROR;
				CLANG_WARN_QUOTED_INCLUDE_IN_FRAMEWORK_HEADER = YES;
				CLANG_WARN_RANGE_LOOP_ANALYSIS = YES;
				CLANG_WARN_STRICT_PROTOTYPES = YES;
				CLANG_WARN_SUSPICIOUS_MOVE = YES;
				CLANG_WARN_UNGUARDED_AVAILABILITY = YES_AGGRESSIVE;
				CLANG_WARN_UNREACHABLE_CODE = YES;
				CLANG_WARN__DUPLICATE_METHOD_MATCH = YES;
				COPY_PHASE_STRIP = NO;
				DEBUG_INFORMATION_FORMAT = "dwarf-with-dsym";
				ENABLE_NS_ASSERTIONS = NO;
				ENABLE_STRICT_OBJC_MSGSEND = YES;
				GCC_C_LANGUAGE_STANDARD = gnu11;
				GCC_NO_COMMON_BLOCKS = YES;
				GCC_WARN_64_TO_32_BIT_CONVERSION = YES;
				GCC_WARN_ABOUT_RETURN_TYPE = YES_ERROR;
				GCC_WARN_UNDECLARED_SELECTOR = YES;
				GCC_WARN_UNINITIALIZED_AUTOS = YES_AGGRESSIVE;
				GCC_WARN_UNUSED_FUNCTION = YES;
				GCC_WARN_UNUSED_VARIABLE = YES;
				IPHONEOS_DEPLOYMENT_TARGET = 14.2;
				MTL_ENABLE_DEBUG_INFO = NO;
				MTL_FAST_MATH = YES;
				SDKROOT = iphoneos;
				SWIFT_COMPILATION_MODE = wholemodule;
				SWIFT_OPTIMIZATION_LEVEL = "-O";
				VALIDATE_PRODUCT = YES;
			};
			name = Release;
		};
		EFF136FC258E51B600902415 /* Debug */ = {
			isa = XCBuildConfiguration;
			buildSettings = {
				ASSETCATALOG_COMPILER_APPICON_NAME = AppIcon;
				ASSETCATALOG_COMPILER_GLOBAL_ACCENT_COLOR_NAME = AccentColor;
				CODE_SIGN_STYLE = Automatic;
				DEVELOPMENT_TEAM = BRFFLHC8KL;
				INFOPLIST_FILE = "Sample-flicker-MVVM/Resource/Info.plist";
				IPHONEOS_DEPLOYMENT_TARGET = 11.0;
				LD_RUNPATH_SEARCH_PATHS = (
					"$(inherited)",
					"@executable_path/Frameworks",
				);
				PRODUCT_BUNDLE_IDENTIFIER = "com.Babi.Sample-flicker-MVVM";
				PRODUCT_NAME = "$(TARGET_NAME)";
				SWIFT_VERSION = 5.0;
				TARGETED_DEVICE_FAMILY = 1;
			};
			name = Debug;
		};
		EFF136FD258E51B600902415 /* Release */ = {
			isa = XCBuildConfiguration;
			buildSettings = {
				ASSETCATALOG_COMPILER_APPICON_NAME = AppIcon;
				ASSETCATALOG_COMPILER_GLOBAL_ACCENT_COLOR_NAME = AccentColor;
				CODE_SIGN_STYLE = Automatic;
				DEVELOPMENT_TEAM = BRFFLHC8KL;
				INFOPLIST_FILE = "Sample-flicker-MVVM/Resource/Info.plist";
				IPHONEOS_DEPLOYMENT_TARGET = 11.0;
				LD_RUNPATH_SEARCH_PATHS = (
					"$(inherited)",
					"@executable_path/Frameworks",
				);
				PRODUCT_BUNDLE_IDENTIFIER = "com.Babi.Sample-flicker-MVVM";
				PRODUCT_NAME = "$(TARGET_NAME)";
				SWIFT_VERSION = 5.0;
				TARGETED_DEVICE_FAMILY = 1;
			};
			name = Release;
		};
/* End XCBuildConfiguration section */

/* Begin XCConfigurationList section */
		EFF136E2258E51B300902415 /* Build configuration list for PBXProject "Sample-flicker-MVVM" */ = {
			isa = XCConfigurationList;
			buildConfigurations = (
				EFF136F9258E51B600902415 /* Debug */,
				EFF136FA258E51B600902415 /* Release */,
			);
			defaultConfigurationIsVisible = 0;
			defaultConfigurationName = Release;
		};
		EFF136FB258E51B600902415 /* Build configuration list for PBXNativeTarget "Sample-flicker-MVVM" */ = {
			isa = XCConfigurationList;
			buildConfigurations = (
				EFF136FC258E51B600902415 /* Debug */,
				EFF136FD258E51B600902415 /* Release */,
			);
			defaultConfigurationIsVisible = 0;
			defaultConfigurationName = Release;
		};
/* End XCConfigurationList section */

/* Begin XCRemoteSwiftPackageReference section */
		EFF1370C258E554000902415 /* XCRemoteSwiftPackageReference "Alamofire" */ = {
			isa = XCRemoteSwiftPackageReference;
			repositoryURL = "https://github.com/Alamofire/Alamofire.git";
			requirement = {
				kind = upToNextMajorVersion;
				minimumVersion = 5.4.0;
			};
		};
		EFF13710258E560800902415 /* XCRemoteSwiftPackageReference "Kingfisher" */ = {
			isa = XCRemoteSwiftPackageReference;
			repositoryURL = "https://github.com/onevcat/Kingfisher.git";
			requirement = {
				kind = upToNextMajorVersion;
				minimumVersion = 5.15.8;
			};
		};
/* End XCRemoteSwiftPackageReference section */

/* Begin XCSwiftPackageProductDependency section */
		EFF1370D258E554000902415 /* Alamofire */ = {
			isa = XCSwiftPackageProductDependency;
			package = EFF1370C258E554000902415 /* XCRemoteSwiftPackageReference "Alamofire" */;
			productName = Alamofire;
		};
		EFF13711258E560800902415 /* Kingfisher */ = {
			isa = XCSwiftPackageProductDependency;
			package = EFF13710258E560800902415 /* XCRemoteSwiftPackageReference "Kingfisher" */;
			productName = Kingfisher;
		};
/* End XCSwiftPackageProductDependency section */
	};
	rootObject = EFF136DF258E51B300902415 /* Project object */;
}
